
Microsoft Visual Studio Solution File, Format Version 12.00
# Visual Studio Version 16
VisualStudioVersion = 16.0.30002.166
MinimumVisualStudioVersion = 10.0.40219.1
Project("{FAE04EC0-301F-11D3-BF4B-00C04F79EFBC}") = "EmailBuilder", "EmailBuilder\EmailBuilder.csproj", "{FCB2DE4A-BE6A-4A9A-8100-5092459C1F84}"
EndProject
Project("{FAE04EC0-301F-11D3-BF4B-00C04F79EFBC}") = "Upgrader", "Upgrader\Upgrader.csproj", "{ED90765C-9B21-4F63-BC8B-BB99B681C81F}"
EndProject
Global
	GlobalSection(SolutionConfigurationPlatforms) = preSolution
		Debug|Any CPU = Debug|Any CPU
		Debug|x86 = Debug|x86
		Release|Any CPU = Release|Any CPU
		Release|x86 = Release|x86
	EndGlobalSection
	GlobalSection(ProjectConfigurationPlatforms) = postSolution
		{FCB2DE4A-BE6A-4A9A-8100-5092459C1F84}.Debug|Any CPU.ActiveCfg = Debug|x86
		{FCB2DE4A-BE6A-4A9A-8100-5092459C1F84}.Debug|Any CPU.Build.0 = Debug|x86
		{FCB2DE4A-BE6A-4A9A-8100-5092459C1F84}.Debug|x86.ActiveCfg = Debug|x86
		{FCB2DE4A-BE6A-4A9A-8100-5092459C1F84}.Debug|x86.Build.0 = Debug|x86
		{FCB2DE4A-BE6A-4A9A-8100-5092459C1F84}.Release|Any CPU.ActiveCfg = Release|Any CPU
		{FCB2DE4A-BE6A-4A9A-8100-5092459C1F84}.Release|Any CPU.Build.0 = Release|Any CPU
		{FCB2DE4A-BE6A-4A9A-8100-5092459C1F84}.Release|x86.ActiveCfg = Release|x86
		{FCB2DE4A-BE6A-4A9A-8100-5092459C1F84}.Release|x86.Build.0 = Release|x86
		{ED90765C-9B21-4F63-BC8B-BB99B681C81F}.Debug|Any CPU.ActiveCfg = Debug|Any CPU
		{ED90765C-9B21-4F63-BC8B-BB99B681C81F}.Debug|Any CPU.Build.0 = Debug|Any CPU
		{ED90765C-9B21-4F63-BC8B-BB99B681C81F}.Debug|x86.ActiveCfg = Debug|Any CPU
		{ED90765C-9B21-4F63-BC8B-BB99B681C81F}.Debug|x86.Build.0 = Debug|Any CPU
		{ED90765C-9B21-4F63-BC8B-BB99B681C81F}.Release|Any CPU.ActiveCfg = Release|Any CPU
		{ED90765C-9B21-4F63-BC8B-BB99B681C81F}.Release|Any CPU.Build.0 = Release|Any CPU
		{ED90765C-9B21-4F63-BC8B-BB99B681C81F}.Release|x86.ActiveCfg = Release|Any CPU
		{ED90765C-9B21-4F63-BC8B-BB99B681C81F}.Release|x86.Build.0 = Release|Any CPU
	EndGlobalSection
	GlobalSection(SolutionProperties) = preSolution
		HideSolutionNode = FALSE
	EndGlobalSection
	GlobalSection(ExtensibilityGlobals) = postSolution
		SolutionGuid = {EF511110-8A29-4733-86EC-F57015874E9D}
	EndGlobalSection
EndGlobal
